// !$*UTF8*$!
{
	archiveVersion = 1;
	classes = {
	};
	objectVersion = 56;
	objects = {

/* Begin PBXBuildFile section */
		9A9810982C3E8D4700CD5166 /* PeepOrPoopApp.swift in Sources */ = {isa = PBXBuildFile; fileRef = 9A9810972C3E8D4700CD5166 /* PeepOrPoopApp.swift */; };
		9A98109A2C3E8D4700CD5166 /* ContentView.swift in Sources */ = {isa = PBXBuildFile; fileRef = 9A9810992C3E8D4700CD5166 /* ContentView.swift */; };
		9A98109C2C3E8D4700CD5166 /* Item.swift in Sources */ = {isa = PBXBuildFile; fileRef = 9A98109B2C3E8D4700CD5166 /* Item.swift */; };
		9A98109E2C3E8D4800CD5166 /* Assets.xcassets in Resources */ = {isa = PBXBuildFile; fileRef = 9A98109D2C3E8D4800CD5166 /* Assets.xcassets */; };
		9A9810A12C3E8D4800CD5166 /* Preview Assets.xcassets in Resources */ = {isa = PBXBuildFile; fileRef = 9A9810A02C3E8D4800CD5166 /* Preview Assets.xcassets */; };
		9A9810A82C3E8D8A00CD5166 /* PeepMap.swift in Sources */ = {isa = PBXBuildFile; fileRef = 9A9810A72C3E8D8A00CD5166 /* PeepMap.swift */; };
		9A9810AA2C3EA59900CD5166 /* PeepButton.swift in Sources */ = {isa = PBXBuildFile; fileRef = 9A9810A92C3EA59900CD5166 /* PeepButton.swift */; };
		9AF7ECA52C47B0DE006742EF /* CustomAnnotation.swift in Sources */ = {isa = PBXBuildFile; fileRef = 9AF7ECA42C47B0DE006742EF /* CustomAnnotation.swift */; };
		9AF7ECA72C47B253006742EF /* CustomCluster.swift in Sources */ = {isa = PBXBuildFile; fileRef = 9AF7ECA62C47B253006742EF /* CustomCluster.swift */; };
		9AF7ECA92C47E73E006742EF /* PeepMapRepresentable.swift in Sources */ = {isa = PBXBuildFile; fileRef = 9AF7ECA82C47E73E006742EF /* PeepMapRepresentable.swift */; };
		9AF7ECAE2C47E92A006742EF /* LocationManager.swift in Sources */ = {isa = PBXBuildFile; fileRef = 9AF7ECAD2C47E92A006742EF /* LocationManager.swift */; };
		9AF7ECB02C47EF66006742EF /* ListButton.swift in Sources */ = {isa = PBXBuildFile; fileRef = 9AF7ECAF2C47EF66006742EF /* ListButton.swift */; };
		9AF7ECB62C480562006742EF /* AnnotationModel.swift in Sources */ = {isa = PBXBuildFile; fileRef = 9AF7ECB52C480562006742EF /* AnnotationModel.swift */; };
		9AF7ECB82C48058D006742EF /* MapViewModel.swift in Sources */ = {isa = PBXBuildFile; fileRef = 9AF7ECB72C48058D006742EF /* MapViewModel.swift */; };
		9AF7ECBA2C48062E006742EF /* MapContentView.swift in Sources */ = {isa = PBXBuildFile; fileRef = 9AF7ECB92C48062E006742EF /* MapContentView.swift */; };
		9AF7ECBC2C480650006742EF /* MapView.swift in Sources */ = {isa = PBXBuildFile; fileRef = 9AF7ECBB2C480650006742EF /* MapView.swift */; };
/* End PBXBuildFile section */

/* Begin PBXFileReference section */
		9A9810942C3E8D4700CD5166 /* PeepOrPoop.app */ = {isa = PBXFileReference; explicitFileType = wrapper.application; includeInIndex = 0; path = PeepOrPoop.app; sourceTree = BUILT_PRODUCTS_DIR; };
		9A9810972C3E8D4700CD5166 /* PeepOrPoopApp.swift */ = {isa = PBXFileReference; lastKnownFileType = sourcecode.swift; path = PeepOrPoopApp.swift; sourceTree = "<group>"; };
		9A9810992C3E8D4700CD5166 /* ContentView.swift */ = {isa = PBXFileReference; lastKnownFileType = sourcecode.swift; path = ContentView.swift; sourceTree = "<group>"; };
		9A98109B2C3E8D4700CD5166 /* Item.swift */ = {isa = PBXFileReference; lastKnownFileType = sourcecode.swift; path = Item.swift; sourceTree = "<group>"; };
		9A98109D2C3E8D4800CD5166 /* Assets.xcassets */ = {isa = PBXFileReference; lastKnownFileType = folder.assetcatalog; path = Assets.xcassets; sourceTree = "<group>"; };
		9A9810A02C3E8D4800CD5166 /* Preview Assets.xcassets */ = {isa = PBXFileReference; lastKnownFileType = folder.assetcatalog; path = "Preview Assets.xcassets"; sourceTree = "<group>"; };
		9A9810A72C3E8D8A00CD5166 /* PeepMap.swift */ = {isa = PBXFileReference; lastKnownFileType = sourcecode.swift; path = PeepMap.swift; sourceTree = "<group>"; };
		9A9810A92C3EA59900CD5166 /* PeepButton.swift */ = {isa = PBXFileReference; lastKnownFileType = sourcecode.swift; path = PeepButton.swift; sourceTree = "<group>"; };
		9AF7ECA42C47B0DE006742EF /* CustomAnnotation.swift */ = {isa = PBXFileReference; lastKnownFileType = sourcecode.swift; path = CustomAnnotation.swift; sourceTree = "<group>"; };
		9AF7ECA62C47B253006742EF /* CustomCluster.swift */ = {isa = PBXFileReference; lastKnownFileType = sourcecode.swift; path = CustomCluster.swift; sourceTree = "<group>"; };
		9AF7ECA82C47E73E006742EF /* PeepMapRepresentable.swift */ = {isa = PBXFileReference; lastKnownFileType = sourcecode.swift; path = PeepMapRepresentable.swift; sourceTree = "<group>"; };
		9AF7ECAD2C47E92A006742EF /* LocationManager.swift */ = {isa = PBXFileReference; lastKnownFileType = sourcecode.swift; path = LocationManager.swift; sourceTree = "<group>"; };
		9AF7ECAF2C47EF66006742EF /* ListButton.swift */ = {isa = PBXFileReference; lastKnownFileType = sourcecode.swift; path = ListButton.swift; sourceTree = "<group>"; };
		9AF7ECB52C480562006742EF /* AnnotationModel.swift */ = {isa = PBXFileReference; lastKnownFileType = sourcecode.swift; path = AnnotationModel.swift; sourceTree = "<group>"; };
		9AF7ECB72C48058D006742EF /* MapViewModel.swift */ = {isa = PBXFileReference; lastKnownFileType = sourcecode.swift; path = MapViewModel.swift; sourceTree = "<group>"; };
		9AF7ECB92C48062E006742EF /* MapContentView.swift */ = {isa = PBXFileReference; lastKnownFileType = sourcecode.swift; path = MapContentView.swift; sourceTree = "<group>"; };
		9AF7ECBB2C480650006742EF /* MapView.swift */ = {isa = PBXFileReference; lastKnownFileType = sourcecode.swift; path = MapView.swift; sourceTree = "<group>"; };
/* End PBXFileReference section */

/* Begin PBXFrameworksBuildPhase section */
		9A9810912C3E8D4700CD5166 /* Frameworks */ = {
			isa = PBXFrameworksBuildPhase;
			buildActionMask = 2147483647;
			files = (
			);
			runOnlyForDeploymentPostprocessing = 0;
		};
/* End PBXFrameworksBuildPhase section */

/* Begin PBXGroup section */
		9A98108B2C3E8D4700CD5166 = {
			isa = PBXGroup;
			children = (
				9A9810962C3E8D4700CD5166 /* PeepOrPoop */,
				9A9810952C3E8D4700CD5166 /* Products */,
			);
			sourceTree = "<group>";
		};
		9A9810952C3E8D4700CD5166 /* Products */ = {
			isa = PBXGroup;
			children = (
				9A9810942C3E8D4700CD5166 /* PeepOrPoop.app */,
			);
			name = Products;
			sourceTree = "<group>";
		};
		9A9810962C3E8D4700CD5166 /* PeepOrPoop */ = {
			isa = PBXGroup;
			children = (
				9AF7ECB12C480526006742EF /* byChatGPT */,
				9AF7ECAB2C47E906006742EF /* Managers */,
				9AF7ECAA2C47E8E7006742EF /* Views */,
				9A9810972C3E8D4700CD5166 /* PeepOrPoopApp.swift */,
				9A98109B2C3E8D4700CD5166 /* Item.swift */,
				9A98109D2C3E8D4800CD5166 /* Assets.xcassets */,
				9A98109F2C3E8D4800CD5166 /* Preview Content */,
			);
			path = PeepOrPoop;
			sourceTree = "<group>";
		};
		9A98109F2C3E8D4800CD5166 /* Preview Content */ = {
			isa = PBXGroup;
			children = (
				9A9810A02C3E8D4800CD5166 /* Preview Assets.xcassets */,
			);
			path = "Preview Content";
			sourceTree = "<group>";
		};
		9AF7ECAA2C47E8E7006742EF /* Views */ = {
			isa = PBXGroup;
			children = (
				9AF7ECA62C47B253006742EF /* CustomCluster.swift */,
				9AF7ECA42C47B0DE006742EF /* CustomAnnotation.swift */,
				9A9810A92C3EA59900CD5166 /* PeepButton.swift */,
				9A9810A72C3E8D8A00CD5166 /* PeepMap.swift */,
				9AF7ECA82C47E73E006742EF /* PeepMapRepresentable.swift */,
				9A9810992C3E8D4700CD5166 /* ContentView.swift */,
				9AF7ECAF2C47EF66006742EF /* ListButton.swift */,
			);
			path = Views;
			sourceTree = "<group>";
		};
		9AF7ECAB2C47E906006742EF /* Managers */ = {
			isa = PBXGroup;
			children = (
				9AF7ECAD2C47E92A006742EF /* LocationManager.swift */,
			);
			path = Managers;
			sourceTree = "<group>";
		};
		9AF7ECB12C480526006742EF /* byChatGPT */ = {
			isa = PBXGroup;
			children = (
				9AF7ECB42C480543006742EF /* ViewModel */,
				9AF7ECB32C48053C006742EF /* Model */,
				9AF7ECB22C480536006742EF /* View */,
			);
			path = byChatGPT;
			sourceTree = "<group>";
		};
		9AF7ECB22C480536006742EF /* View */ = {
			isa = PBXGroup;
			children = (
				9AF7ECB92C48062E006742EF /* MapContentView.swift */,
				9AF7ECBB2C480650006742EF /* MapView.swift */,
			);
			path = View;
			sourceTree = "<group>";
		};
		9AF7ECB32C48053C006742EF /* Model */ = {
			isa = PBXGroup;
			children = (
				9AF7ECB52C480562006742EF /* AnnotationModel.swift */,
			);
			path = Model;
			sourceTree = "<group>";
		};
		9AF7ECB42C480543006742EF /* ViewModel */ = {
			isa = PBXGroup;
			children = (
				9AF7ECB72C48058D006742EF /* MapViewModel.swift */,
			);
			path = ViewModel;
			sourceTree = "<group>";
		};
/* End PBXGroup section */

/* Begin PBXNativeTarget section */
		9A9810932C3E8D4700CD5166 /* PeepOrPoop */ = {
			isa = PBXNativeTarget;
			buildConfigurationList = 9A9810A42C3E8D4800CD5166 /* Build configuration list for PBXNativeTarget "PeepOrPoop" */;
			buildPhases = (
				9A9810902C3E8D4700CD5166 /* Sources */,
				9A9810912C3E8D4700CD5166 /* Frameworks */,
				9A9810922C3E8D4700CD5166 /* Resources */,
			);
			buildRules = (
			);
			dependencies = (
			);
			name = PeepOrPoop;
			productName = PeepOrPoop;
			productReference = 9A9810942C3E8D4700CD5166 /* PeepOrPoop.app */;
			productType = "com.apple.product-type.application";
		};
/* End PBXNativeTarget section */

/* Begin PBXProject section */
		9A98108C2C3E8D4700CD5166 /* Project object */ = {
			isa = PBXProject;
			attributes = {
				BuildIndependentTargetsInParallel = 1;
				LastSwiftUpdateCheck = 1540;
				LastUpgradeCheck = 1540;
				TargetAttributes = {
					9A9810932C3E8D4700CD5166 = {
						CreatedOnToolsVersion = 15.4;
					};
				};
			};
			buildConfigurationList = 9A98108F2C3E8D4700CD5166 /* Build configuration list for PBXProject "PeepOrPoop" */;
			compatibilityVersion = "Xcode 14.0";
			developmentRegion = en;
			hasScannedForEncodings = 0;
			knownRegions = (
				en,
				Base,
			);
			mainGroup = 9A98108B2C3E8D4700CD5166;
			productRefGroup = 9A9810952C3E8D4700CD5166 /* Products */;
			projectDirPath = "";
			projectRoot = "";
			targets = (
				9A9810932C3E8D4700CD5166 /* PeepOrPoop */,
			);
		};
/* End PBXProject section */

/* Begin PBXResourcesBuildPhase section */
		9A9810922C3E8D4700CD5166 /* Resources */ = {
			isa = PBXResourcesBuildPhase;
			buildActionMask = 2147483647;
			files = (
				9A9810A12C3E8D4800CD5166 /* Preview Assets.xcassets in Resources */,
				9A98109E2C3E8D4800CD5166 /* Assets.xcassets in Resources */,
			);
			runOnlyForDeploymentPostprocessing = 0;
		};
/* End PBXResourcesBuildPhase section */

/* Begin PBXSourcesBuildPhase section */
		9A9810902C3E8D4700CD5166 /* Sources */ = {
			isa = PBXSourcesBuildPhase;
			buildActionMask = 2147483647;
			files = (
				9AF7ECBA2C48062E006742EF /* MapContentView.swift in Sources */,
				9AF7ECB62C480562006742EF /* AnnotationModel.swift in Sources */,
				9A9810A82C3E8D8A00CD5166 /* PeepMap.swift in Sources */,
				9AF7ECA92C47E73E006742EF /* PeepMapRepresentable.swift in Sources */,
				9A9810AA2C3EA59900CD5166 /* PeepButton.swift in Sources */,
				9A98109A2C3E8D4700CD5166 /* ContentView.swift in Sources */,
				9A98109C2C3E8D4700CD5166 /* Item.swift in Sources */,
				9AF7ECBC2C480650006742EF /* MapView.swift in Sources */,
				9A9810982C3E8D4700CD5166 /* PeepOrPoopApp.swift in Sources */,
				9AF7ECA72C47B253006742EF /* CustomCluster.swift in Sources */,
				9AF7ECB02C47EF66006742EF /* ListButton.swift in Sources */,
				9AF7ECA52C47B0DE006742EF /* CustomAnnotation.swift in Sources */,
				9AF7ECAE2C47E92A006742EF /* LocationManager.swift in Sources */,
				9AF7ECB82C48058D006742EF /* MapViewModel.swift in Sources */,
			);
			runOnlyForDeploymentPostprocessing = 0;
		};
/* End PBXSourcesBuildPhase section */

/* Begin XCBuildConfiguration section */
		9A9810A22C3E8D4800CD5166 /* Debug */ = {
			isa = XCBuildConfiguration;
			buildSettings = {
				ALWAYS_SEARCH_USER_PATHS = NO;
				ASSETCATALOG_COMPILER_GENERATE_SWIFT_ASSET_SYMBOL_EXTENSIONS = YES;
				CLANG_ANALYZER_NONNULL = YES;
				CLANG_ANALYZER_NUMBER_OBJECT_CONVERSION = YES_AGGRESSIVE;
				CLANG_CXX_LANGUAGE_STANDARD = "gnu++20";
				CLANG_ENABLE_MODULES = YES;
				CLANG_ENABLE_OBJC_ARC = YES;
				CLANG_ENABLE_OBJC_WEAK = YES;
				CLANG_WARN_BLOCK_CAPTURE_AUTORELEASING = YES;
				CLANG_WARN_BOOL_CONVERSION = YES;
				CLANG_WARN_COMMA = YES;
				CLANG_WARN_CONSTANT_CONVERSION = YES;
				CLANG_WARN_DEPRECATED_OBJC_IMPLEMENTATIONS = YES;
				CLANG_WARN_DIRECT_OBJC_ISA_USAGE = YES_ERROR;
				CLANG_WARN_DOCUMENTATION_COMMENTS = YES;
				CLANG_WARN_EMPTY_BODY = YES;
				CLANG_WARN_ENUM_CONVERSION = YES;
				CLANG_WARN_INFINITE_RECURSION = YES;
				CLANG_WARN_INT_CONVERSION = YES;
				CLANG_WARN_NON_LITERAL_NULL_CONVERSION = YES;
				CLANG_WARN_OBJC_IMPLICIT_RETAIN_SELF = YES;
				CLANG_WARN_OBJC_LITERAL_CONVERSION = YES;
				CLANG_WARN_OBJC_ROOT_CLASS = YES_ERROR;
				CLANG_WARN_QUOTED_INCLUDE_IN_FRAMEWORK_HEADER = YES;
				CLANG_WARN_RANGE_LOOP_ANALYSIS = YES;
				CLANG_WARN_STRICT_PROTOTYPES = YES;
				CLANG_WARN_SUSPICIOUS_MOVE = YES;
				CLANG_WARN_UNGUARDED_AVAILABILITY = YES_AGGRESSIVE;
				CLANG_WARN_UNREACHABLE_CODE = YES;
				CLANG_WARN__DUPLICATE_METHOD_MATCH = YES;
				COPY_PHASE_STRIP = NO;
				DEBUG_INFORMATION_FORMAT = dwarf;
				ENABLE_STRICT_OBJC_MSGSEND = YES;
				ENABLE_TESTABILITY = YES;
				ENABLE_USER_SCRIPT_SANDBOXING = YES;
				GCC_C_LANGUAGE_STANDARD = gnu17;
				GCC_DYNAMIC_NO_PIC = NO;
				GCC_NO_COMMON_BLOCKS = YES;
				GCC_OPTIMIZATION_LEVEL = 0;
				GCC_PREPROCESSOR_DEFINITIONS = (
					"DEBUG=1",
					"$(inherited)",
				);
				GCC_WARN_64_TO_32_BIT_CONVERSION = YES;
				GCC_WARN_ABOUT_RETURN_TYPE = YES_ERROR;
				GCC_WARN_UNDECLARED_SELECTOR = YES;
				GCC_WARN_UNINITIALIZED_AUTOS = YES_AGGRESSIVE;
				GCC_WARN_UNUSED_FUNCTION = YES;
				GCC_WARN_UNUSED_VARIABLE = YES;
				IPHONEOS_DEPLOYMENT_TARGET = 17.5;
				LOCALIZATION_PREFERS_STRING_CATALOGS = YES;
				MTL_ENABLE_DEBUG_INFO = INCLUDE_SOURCE;
				MTL_FAST_MATH = YES;
				ONLY_ACTIVE_ARCH = YES;
				SDKROOT = iphoneos;
				SWIFT_ACTIVE_COMPILATION_CONDITIONS = "DEBUG $(inherited)";
				SWIFT_OPTIMIZATION_LEVEL = "-Onone";
			};
			name = Debug;
		};
		9A9810A32C3E8D4800CD5166 /* Release */ = {
			isa = XCBuildConfiguration;
			buildSettings = {
				ALWAYS_SEARCH_USER_PATHS = NO;
				ASSETCATALOG_COMPILER_GENERATE_SWIFT_ASSET_SYMBOL_EXTENSIONS = YES;
				CLANG_ANALYZER_NONNULL = YES;
				CLANG_ANALYZER_NUMBER_OBJECT_CONVERSION = YES_AGGRESSIVE;
				CLANG_CXX_LANGUAGE_STANDARD = "gnu++20";
				CLANG_ENABLE_MODULES = YES;
				CLANG_ENABLE_OBJC_ARC = YES;
				CLANG_ENABLE_OBJC_WEAK = YES;
				CLANG_WARN_BLOCK_CAPTURE_AUTORELEASING = YES;
				CLANG_WARN_BOOL_CONVERSION = YES;
				CLANG_WARN_COMMA = YES;
				CLANG_WARN_CONSTANT_CONVERSION = YES;
				CLANG_WARN_DEPRECATED_OBJC_IMPLEMENTATIONS = YES;
				CLANG_WARN_DIRECT_OBJC_ISA_USAGE = YES_ERROR;
				CLANG_WARN_DOCUMENTATION_COMMENTS = YES;
				CLANG_WARN_EMPTY_BODY = YES;
				CLANG_WARN_ENUM_CONVERSION = YES;
				CLANG_WARN_INFINITE_RECURSION = YES;
				CLANG_WARN_INT_CONVERSION = YES;
				CLANG_WARN_NON_LITERAL_NULL_CONVERSION = YES;
				CLANG_WARN_OBJC_IMPLICIT_RETAIN_SELF = YES;
				CLANG_WARN_OBJC_LITERAL_CONVERSION = YES;
				CLANG_WARN_OBJC_ROOT_CLASS = YES_ERROR;
				CLANG_WARN_QUOTED_INCLUDE_IN_FRAMEWORK_HEADER = YES;
				CLANG_WARN_RANGE_LOOP_ANALYSIS = YES;
				CLANG_WARN_STRICT_PROTOTYPES = YES;
				CLANG_WARN_SUSPICIOUS_MOVE = YES;
				CLANG_WARN_UNGUARDED_AVAILABILITY = YES_AGGRESSIVE;
				CLANG_WARN_UNREACHABLE_CODE = YES;
				CLANG_WARN__DUPLICATE_METHOD_MATCH = YES;
				COPY_PHASE_STRIP = NO;
				DEBUG_INFORMATION_FORMAT = "dwarf-with-dsym";
				ENABLE_NS_ASSERTIONS = NO;
				ENABLE_STRICT_OBJC_MSGSEND = YES;
				ENABLE_USER_SCRIPT_SANDBOXING = YES;
				GCC_C_LANGUAGE_STANDARD = gnu17;
				GCC_NO_COMMON_BLOCKS = YES;
				GCC_WARN_64_TO_32_BIT_CONVERSION = YES;
				GCC_WARN_ABOUT_RETURN_TYPE = YES_ERROR;
				GCC_WARN_UNDECLARED_SELECTOR = YES;
				GCC_WARN_UNINITIALIZED_AUTOS = YES_AGGRESSIVE;
				GCC_WARN_UNUSED_FUNCTION = YES;
				GCC_WARN_UNUSED_VARIABLE = YES;
				IPHONEOS_DEPLOYMENT_TARGET = 17.5;
				LOCALIZATION_PREFERS_STRING_CATALOGS = YES;
				MTL_ENABLE_DEBUG_INFO = NO;
				MTL_FAST_MATH = YES;
				SDKROOT = iphoneos;
				SWIFT_COMPILATION_MODE = wholemodule;
				VALIDATE_PRODUCT = YES;
			};
			name = Release;
		};
		9A9810A52C3E8D4800CD5166 /* Debug */ = {
			isa = XCBuildConfiguration;
			buildSettings = {
				ASSETCATALOG_COMPILER_APPICON_NAME = AppIcon;
				ASSETCATALOG_COMPILER_GLOBAL_ACCENT_COLOR_NAME = AccentColor;
				CODE_SIGN_STYLE = Automatic;
				CURRENT_PROJECT_VERSION = 1;
				DEVELOPMENT_ASSET_PATHS = "\"PeepOrPoop/Preview Content\"";
				DEVELOPMENT_TEAM = 48RSDSQJLU;
				ENABLE_PREVIEWS = YES;
				GENERATE_INFOPLIST_FILE = YES;
				INFOPLIST_KEY_NSLocationWhenInUseUsageDescription = "Please Allow us to access your location";
				INFOPLIST_KEY_UIApplicationSceneManifest_Generation = YES;
				INFOPLIST_KEY_UIApplicationSupportsIndirectInputEvents = YES;
				INFOPLIST_KEY_UILaunchScreen_Generation = YES;
				INFOPLIST_KEY_UISupportedInterfaceOrientations_iPad = "UIInterfaceOrientationPortrait UIInterfaceOrientationPortraitUpsideDown UIInterfaceOrientationLandscapeLeft UIInterfaceOrientationLandscapeRight";
				INFOPLIST_KEY_UISupportedInterfaceOrientations_iPhone = "UIInterfaceOrientationPortrait UIInterfaceOrientationLandscapeLeft UIInterfaceOrientationLandscapeRight";
				LD_RUNPATH_SEARCH_PATHS = (
					"$(inherited)",
					"@executable_path/Frameworks",
				);
				MARKETING_VERSION = 1.0;
				PRODUCT_BUNDLE_IDENTIFIER = dragonscry.PeepOrPoop;
				PRODUCT_NAME = "$(TARGET_NAME)";
				SWIFT_EMIT_LOC_STRINGS = YES;
				SWIFT_VERSION = 5.0;
				TARGETED_DEVICE_FAMILY = "1,2";
			};
			name = Debug;
		};
		9A9810A62C3E8D4800CD5166 /* Release */ = {
			isa = XCBuildConfiguration;
			buildSettings = {
				ASSETCATALOG_COMPILER_APPICON_NAME = AppIcon;
				ASSETCATALOG_COMPILER_GLOBAL_ACCENT_COLOR_NAME = AccentColor;
				CODE_SIGN_STYLE = Automatic;
				CURRENT_PROJECT_VERSION = 1;
				DEVELOPMENT_ASSET_PATHS = "\"PeepOrPoop/Preview Content\"";
				DEVELOPMENT_TEAM = 48RSDSQJLU;
				ENABLE_PREVIEWS = YES;
				GENERATE_INFOPLIST_FILE = YES;
				INFOPLIST_KEY_NSLocationWhenInUseUsageDescription = "Please Allow us to access your location";
				INFOPLIST_KEY_UIApplicationSceneManifest_Generation = YES;
				INFOPLIST_KEY_UIApplicationSupportsIndirectInputEvents = YES;
				INFOPLIST_KEY_UILaunchScreen_Generation = YES;
				INFOPLIST_KEY_UISupportedInterfaceOrientations_iPad = "UIInterfaceOrientationPortrait UIInterfaceOrientationPortraitUpsideDown UIInterfaceOrientationLandscapeLeft UIInterfaceOrientationLandscapeRight";
				INFOPLIST_KEY_UISupportedInterfaceOrientations_iPhone = "UIInterfaceOrientationPortrait UIInterfaceOrientationLandscapeLeft UIInterfaceOrientationLandscapeRight";
				LD_RUNPATH_SEARCH_PATHS = (
					"$(inherited)",
					"@executable_path/Frameworks",
				);
				MARKETING_VERSION = 1.0;
				PRODUCT_BUNDLE_IDENTIFIER = dragonscry.PeepOrPoop;
				PRODUCT_NAME = "$(TARGET_NAME)";
				SWIFT_EMIT_LOC_STRINGS = YES;
				SWIFT_VERSION = 5.0;
				TARGETED_DEVICE_FAMILY = "1,2";
			};
			name = Release;
		};
/* End XCBuildConfiguration section */

/* Begin XCConfigurationList section */
		9A98108F2C3E8D4700CD5166 /* Build configuration list for PBXProject "PeepOrPoop" */ = {
			isa = XCConfigurationList;
			buildConfigurations = (
				9A9810A22C3E8D4800CD5166 /* Debug */,
				9A9810A32C3E8D4800CD5166 /* Release */,
			);
			defaultConfigurationIsVisible = 0;
			defaultConfigurationName = Release;
		};
		9A9810A42C3E8D4800CD5166 /* Build configuration list for PBXNativeTarget "PeepOrPoop" */ = {
			isa = XCConfigurationList;
			buildConfigurations = (
				9A9810A52C3E8D4800CD5166 /* Debug */,
				9A9810A62C3E8D4800CD5166 /* Release */,
			);
			defaultConfigurationIsVisible = 0;
			defaultConfigurationName = Release;
		};
/* End XCConfigurationList section */
	};
	rootObject = 9A98108C2C3E8D4700CD5166 /* Project object */;
}
